
Microsoft Visual Studio Solution File, Format Version 12.00
# Visual Studio Version 17
VisualStudioVersion = 17.9.34622.214
MinimumVisualStudioVersion = 10.0.40219.1
Project("{FAE04EC0-301F-11D3-BF4B-00C04F79EFBC}") = "erkan", "erkan.csproj", "{D210910C-67CF-4785-BC94-A983FB01645A}"
EndProject
Global
	GlobalSection(SolutionConfigurationPlatforms) = preSolution
		Debug|Any CPU = Debug|Any CPU
		Release|Any CPU = Release|Any CPU
	EndGlobalSection
	GlobalSection(ProjectConfigurationPlatforms) = postSolution
		{D210910C-67CF-4785-BC94-A983FB01645A}.Debug|Any CPU.ActiveCfg = Debug|Any CPU
		{D210910C-67CF-4785-BC94-A983FB01645A}.Debug|Any CPU.Build.0 = Debug|Any CPU
		{D210910C-67CF-4785-BC94-A983FB01645A}.Release|Any CPU.ActiveCfg = Release|Any CPU
		{D210910C-67CF-4785-BC94-A983FB01645A}.Release|Any CPU.Build.0 = Release|Any CPU
	EndGlobalSection
	GlobalSection(SolutionProperties) = preSolution
		HideSolutionNode = FALSE
	EndGlobalSection
	GlobalSection(ExtensibilityGlobals) = postSolution
		SolutionGuid = {FA4F9DFB-0D51-4FFC-9560-517EA7EE9F6A}
	EndGlobalSection
EndGlobal
